{
  "name": "chacha20-poly1305",
  "version": "1.0.0",
  "lockfileVersion": 2,
  "requires": true,
  "packages": {
    "": {
      "name": "chacha20-poly1305",
      "version": "1.0.0",
      "license": "MIT",
      "dependencies": {
        "@stablelib/chacha20poly1305": "^1.0.1",
        "@stablelib/hkdf": "^1.0.1",
        "@stablelib/sha256": "^1.0.1",
        "@stablelib/x25519": "^1.0.2",
        "@walletconnect/encoding": "^1.0.1",
        "@walletconnect/randombytes": "^1.0.2",
        "uint8arrays": "^3.0.0"
      }
    },
    "node_modules/@stablelib/aead": {
      "version": "1.0.1",
      "resolved": "https://registry.npmjs.org/@stablelib/aead/-/aead-1.0.1.tgz",
      "integrity": "sha512-q39ik6sxGHewqtO0nP4BuSe3db5G1fEJE8ukvngS2gLkBXyy6E7pLubhbYgnkDFv6V8cWaxcE4Xn0t6LWcJkyg=="
    },
    "node_modules/@stablelib/binary": {
      "version": "1.0.1",
      "resolved": "https://registry.npmjs.org/@stablelib/binary/-/binary-1.0.1.tgz",
      "integrity": "sha512-ClJWvmL6UBM/wjkvv/7m5VP3GMr9t0osr4yVgLZsLCOz4hGN9gIAFEqnJ0TsSMAN+n840nf2cHZnA5/KFqHC7Q==",
      "dependencies": {
        "@stablelib/int": "^1.0.1"
      }
    },
    "node_modules/@stablelib/bytes": {
      "version": "1.0.1",
      "resolved": "https://registry.npmjs.org/@stablelib/bytes/-/bytes-1.0.1.tgz",
      "integrity": "sha512-Kre4Y4kdwuqL8BR2E9hV/R5sOrUj6NanZaZis0V6lX5yzqC3hBuVSDXUIBqQv/sCpmuWRiHLwqiT1pqqjuBXoQ=="
    },
    "node_modules/@stablelib/chacha": {
      "version": "1.0.1",
      "resolved": "https://registry.npmjs.org/@stablelib/chacha/-/chacha-1.0.1.tgz",
      "integrity": "sha512-Pmlrswzr0pBzDofdFuVe1q7KdsHKhhU24e8gkEwnTGOmlC7PADzLVxGdn2PoNVBBabdg0l/IfLKg6sHAbTQugg==",
      "dependencies": {
        "@stablelib/binary": "^1.0.1",
        "@stablelib/wipe": "^1.0.1"
      }
    },
    "node_modules/@stablelib/chacha20poly1305": {
      "version": "1.0.1",
      "resolved": "https://registry.npmjs.org/@stablelib/chacha20poly1305/-/chacha20poly1305-1.0.1.tgz",
      "integrity": "sha512-MmViqnqHd1ymwjOQfghRKw2R/jMIGT3wySN7cthjXCBdO+qErNPUBnRzqNpnvIwg7JBCg3LdeCZZO4de/yEhVA==",
      "dependencies": {
        "@stablelib/aead": "^1.0.1",
        "@stablelib/binary": "^1.0.1",
        "@stablelib/chacha": "^1.0.1",
        "@stablelib/constant-time": "^1.0.1",
        "@stablelib/poly1305": "^1.0.1",
        "@stablelib/wipe": "^1.0.1"
      }
    },
    "node_modules/@stablelib/constant-time": {
      "version": "1.0.1",
      "resolved": "https://registry.npmjs.org/@stablelib/constant-time/-/constant-time-1.0.1.tgz",
      "integrity": "sha512-tNOs3uD0vSJcK6z1fvef4Y+buN7DXhzHDPqRLSXUel1UfqMB1PWNsnnAezrKfEwTLpN0cGH2p9NNjs6IqeD0eg=="
    },
    "node_modules/@stablelib/hash": {
      "version": "1.0.1",
      "resolved": "https://registry.npmjs.org/@stablelib/hash/-/hash-1.0.1.tgz",
      "integrity": "sha512-eTPJc/stDkdtOcrNMZ6mcMK1e6yBbqRBaNW55XA1jU8w/7QdnCF0CmMmOD1m7VSkBR44PWrMHU2l6r8YEQHMgg=="
    },
    "node_modules/@stablelib/hkdf": {
      "version": "1.0.1",
      "resolved": "https://registry.npmjs.org/@stablelib/hkdf/-/hkdf-1.0.1.tgz",
      "integrity": "sha512-SBEHYE16ZXlHuaW5RcGk533YlBj4grMeg5TooN80W3NpcHRtLZLLXvKyX0qcRFxf+BGDobJLnwkvgEwHIDBR6g==",
      "dependencies": {
        "@stablelib/hash": "^1.0.1",
        "@stablelib/hmac": "^1.0.1",
        "@stablelib/wipe": "^1.0.1"
      }
    },
    "node_modules/@stablelib/hmac": {
      "version": "1.0.1",
      "resolved": "https://registry.npmjs.org/@stablelib/hmac/-/hmac-1.0.1.tgz",
      "integrity": "sha512-V2APD9NSnhVpV/QMYgCVMIYKiYG6LSqw1S65wxVoirhU/51ACio6D4yDVSwMzuTJXWZoVHbDdINioBwKy5kVmA==",
      "dependencies": {
        "@stablelib/constant-time": "^1.0.1",
        "@stablelib/hash": "^1.0.1",
        "@stablelib/wipe": "^1.0.1"
      }
    },
    "node_modules/@stablelib/int": {
      "version": "1.0.1",
      "resolved": "https://registry.npmjs.org/@stablelib/int/-/int-1.0.1.tgz",
      "integrity": "sha512-byr69X/sDtDiIjIV6m4roLVWnNNlRGzsvxw+agj8CIEazqWGOQp2dTYgQhtyVXV9wpO6WyXRQUzLV/JRNumT2w=="
    },
    "node_modules/@stablelib/keyagreement": {
      "version": "1.0.1",
      "resolved": "https://registry.npmjs.org/@stablelib/keyagreement/-/keyagreement-1.0.1.tgz",
      "integrity": "sha512-VKL6xBwgJnI6l1jKrBAfn265cspaWBPAPEc62VBQrWHLqVgNRE09gQ/AnOEyKUWrrqfD+xSQ3u42gJjLDdMDQg==",
      "dependencies": {
        "@stablelib/bytes": "^1.0.1"
      }
    },
    "node_modules/@stablelib/poly1305": {
      "version": "1.0.1",
      "resolved": "https://registry.npmjs.org/@stablelib/poly1305/-/poly1305-1.0.1.tgz",
      "integrity": "sha512-1HlG3oTSuQDOhSnLwJRKeTRSAdFNVB/1djy2ZbS35rBSJ/PFqx9cf9qatinWghC2UbfOYD8AcrtbUQl8WoxabA==",
      "dependencies": {
        "@stablelib/constant-time": "^1.0.1",
        "@stablelib/wipe": "^1.0.1"
      }
    },
    "node_modules/@stablelib/random": {
      "version": "1.0.1",
      "resolved": "https://registry.npmjs.org/@stablelib/random/-/random-1.0.1.tgz",
      "integrity": "sha512-zOh+JHX3XG9MSfIB0LZl/YwPP9w3o6WBiJkZvjPoKKu5LKFW4OLV71vMxWp9qG5T43NaWyn0QQTWgqCdO+yOBQ==",
      "dependencies": {
        "@stablelib/binary": "^1.0.1",
        "@stablelib/wipe": "^1.0.1"
      }
    },
    "node_modules/@stablelib/sha256": {
      "version": "1.0.1",
      "resolved": "https://registry.npmjs.org/@stablelib/sha256/-/sha256-1.0.1.tgz",
      "integrity": "sha512-GIIH3e6KH+91FqGV42Kcj71Uefd/QEe7Dy42sBTeqppXV95ggCcxLTk39bEr+lZfJmp+ghsR07J++ORkRELsBQ==",
      "dependencies": {
        "@stablelib/binary": "^1.0.1",
        "@stablelib/hash": "^1.0.1",
        "@stablelib/wipe": "^1.0.1"
      }
    },
    "node_modules/@stablelib/wipe": {
      "version": "1.0.1",
      "resolved": "https://registry.npmjs.org/@stablelib/wipe/-/wipe-1.0.1.tgz",
      "integrity": "sha512-WfqfX/eXGiAd3RJe4VU2snh/ZPwtSjLG4ynQ/vYzvghTh7dHFcI1wl+nrkWG6lGhukOxOsUHfv8dUXr58D0ayg=="
    },
    "node_modules/@stablelib/x25519": {
      "version": "1.0.2",
      "resolved": "https://registry.npmjs.org/@stablelib/x25519/-/x25519-1.0.2.tgz",
      "integrity": "sha512-wTR0t0Bp1HABLFRbYaE3vFLuco2QbAg6QvxBnzi5j9qjhYezWHW7OiCZyaWbt25UkSaoolUUT4Il0nS/2vcbSw==",
      "dependencies": {
        "@stablelib/keyagreement": "^1.0.1",
        "@stablelib/random": "^1.0.1",
        "@stablelib/wipe": "^1.0.1"
      }
    },
    "node_modules/@walletconnect/encoding": {
      "version": "1.0.1",
      "resolved": "https://registry.npmjs.org/@walletconnect/encoding/-/encoding-1.0.1.tgz",
      "integrity": "sha512-8opL2rs6N6E3tJfsqwS82aZQDL3gmupWUgmvuZ3CGU7z/InZs3R9jkzH8wmYtpbq0sFK3WkJkQRZFFk4BkrmFA==",
      "dependencies": {
        "is-typedarray": "1.0.0",
        "typedarray-to-buffer": "3.1.5"
      }
    },
    "node_modules/@walletconnect/environment": {
      "version": "1.0.0",
      "resolved": "https://registry.npmjs.org/@walletconnect/environment/-/environment-1.0.0.tgz",
      "integrity": "sha512-4BwqyWy6KpSvkocSaV7WR3BlZfrxLbJSLkg+j7Gl6pTDE+U55lLhJvQaMuDVazXYxcjBsG09k7UlH7cGiUI5vQ=="
    },
    "node_modules/@walletconnect/randombytes": {
      "version": "1.0.2",
      "resolved": "https://registry.npmjs.org/@walletconnect/randombytes/-/randombytes-1.0.2.tgz",
      "integrity": "sha512-ivgOtAyqQnN0rLQmOFPemsgYGysd/ooLfaDA/ACQ3cyqlca56t3rZc7pXfqJOIETx/wSyoF5XbwL+BqYodw27A==",
      "dependencies": {
        "@walletconnect/encoding": "^1.0.1",
        "@walletconnect/environment": "^1.0.0",
        "randombytes": "^2.1.0"
      }
    },
    "node_modules/is-typedarray": {
      "version": "1.0.0",
      "resolved": "https://registry.npmjs.org/is-typedarray/-/is-typedarray-1.0.0.tgz",
      "integrity": "sha1-5HnICFjfDBsR3dppQPlgEfzaSpo="
    },
    "node_modules/multiformats": {
      "version": "9.6.4",
      "resolved": "https://registry.npmjs.org/multiformats/-/multiformats-9.6.4.tgz",
      "integrity": "sha512-fCCB6XMrr6CqJiHNjfFNGT0v//dxOBMrOMqUIzpPc/mmITweLEyhvMpY9bF+jZ9z3vaMAau5E8B68DW77QMXkg=="
    },
    "node_modules/randombytes": {
      "version": "2.1.0",
      "resolved": "https://registry.npmjs.org/randombytes/-/randombytes-2.1.0.tgz",
      "integrity": "sha512-vYl3iOX+4CKUWuxGi9Ukhie6fsqXqS9FE2Zaic4tNFD2N2QQaXOMFbuKK4QmDHC0JO6B1Zp41J0LpT0oR68amQ==",
      "dependencies": {
        "safe-buffer": "^5.1.0"
      }
    },
    "node_modules/safe-buffer": {
      "version": "5.2.1",
      "resolved": "https://registry.npmjs.org/safe-buffer/-/safe-buffer-5.2.1.tgz",
      "integrity": "sha512-rp3So07KcdmmKbGvgaNxQSJr7bGVSVk5S9Eq1F+ppbRo70+YeaDxkw5Dd8NPN+GD6bjnYm2VuPuCXmpuYvmCXQ==",
      "funding": [
        {
          "type": "github",
          "url": "https://github.com/sponsors/feross"
        },
        {
          "type": "patreon",
          "url": "https://www.patreon.com/feross"
        },
        {
          "type": "consulting",
          "url": "https://feross.org/support"
        }
      ]
    },
    "node_modules/typedarray-to-buffer": {
      "version": "3.1.5",
      "resolved": "https://registry.npmjs.org/typedarray-to-buffer/-/typedarray-to-buffer-3.1.5.tgz",
      "integrity": "sha512-zdu8XMNEDepKKR+XYOXAVPtWui0ly0NtohUscw+UmaHiAWT8hrV1rr//H6V+0DvJ3OQ19S979M0laLfX8rm82Q==",
      "dependencies": {
        "is-typedarray": "^1.0.0"
      }
    },
    "node_modules/uint8arrays": {
      "version": "3.0.0",
      "resolved": "https://registry.npmjs.org/uint8arrays/-/uint8arrays-3.0.0.tgz",
      "integrity": "sha512-HRCx0q6O9Bfbp+HHSfQQKD7wU70+lydKVt4EghkdOvlK/NlrF90z+eXV34mUd48rNvVJXwkrMSPpCATkct8fJA==",
      "dependencies": {
        "multiformats": "^9.4.2"
      }
    }
  },
  "dependencies": {
    "@stablelib/aead": {
      "version": "1.0.1",
      "resolved": "https://registry.npmjs.org/@stablelib/aead/-/aead-1.0.1.tgz",
      "integrity": "sha512-q39ik6sxGHewqtO0nP4BuSe3db5G1fEJE8ukvngS2gLkBXyy6E7pLubhbYgnkDFv6V8cWaxcE4Xn0t6LWcJkyg=="
    },
    "@stablelib/binary": {
      "version": "1.0.1",
      "resolved": "https://registry.npmjs.org/@stablelib/binary/-/binary-1.0.1.tgz",
      "integrity": "sha512-ClJWvmL6UBM/wjkvv/7m5VP3GMr9t0osr4yVgLZsLCOz4hGN9gIAFEqnJ0TsSMAN+n840nf2cHZnA5/KFqHC7Q==",
      "requires": {
        "@stablelib/int": "^1.0.1"
      }
    },
    "@stablelib/bytes": {
      "version": "1.0.1",
      "resolved": "https://registry.npmjs.org/@stablelib/bytes/-/bytes-1.0.1.tgz",
      "integrity": "sha512-Kre4Y4kdwuqL8BR2E9hV/R5sOrUj6NanZaZis0V6lX5yzqC3hBuVSDXUIBqQv/sCpmuWRiHLwqiT1pqqjuBXoQ=="
    },
    "@stablelib/chacha": {
      "version": "1.0.1",
      "resolved": "https://registry.npmjs.org/@stablelib/chacha/-/chacha-1.0.1.tgz",
      "integrity": "sha512-Pmlrswzr0pBzDofdFuVe1q7KdsHKhhU24e8gkEwnTGOmlC7PADzLVxGdn2PoNVBBabdg0l/IfLKg6sHAbTQugg==",
      "requires": {
        "@stablelib/binary": "^1.0.1",
        "@stablelib/wipe": "^1.0.1"
      }
    },
    "@stablelib/chacha20poly1305": {
      "version": "1.0.1",
      "resolved": "https://registry.npmjs.org/@stablelib/chacha20poly1305/-/chacha20poly1305-1.0.1.tgz",
      "integrity": "sha512-MmViqnqHd1ymwjOQfghRKw2R/jMIGT3wySN7cthjXCBdO+qErNPUBnRzqNpnvIwg7JBCg3LdeCZZO4de/yEhVA==",
      "requires": {
        "@stablelib/aead": "^1.0.1",
        "@stablelib/binary": "^1.0.1",
        "@stablelib/chacha": "^1.0.1",
        "@stablelib/constant-time": "^1.0.1",
        "@stablelib/poly1305": "^1.0.1",
        "@stablelib/wipe": "^1.0.1"
      }
    },
    "@stablelib/constant-time": {
      "version": "1.0.1",
      "resolved": "https://registry.npmjs.org/@stablelib/constant-time/-/constant-time-1.0.1.tgz",
      "integrity": "sha512-tNOs3uD0vSJcK6z1fvef4Y+buN7DXhzHDPqRLSXUel1UfqMB1PWNsnnAezrKfEwTLpN0cGH2p9NNjs6IqeD0eg=="
    },
    "@stablelib/hash": {
      "version": "1.0.1",
      "resolved": "https://registry.npmjs.org/@stablelib/hash/-/hash-1.0.1.tgz",
      "integrity": "sha512-eTPJc/stDkdtOcrNMZ6mcMK1e6yBbqRBaNW55XA1jU8w/7QdnCF0CmMmOD1m7VSkBR44PWrMHU2l6r8YEQHMgg=="
    },
    "@stablelib/hkdf": {
      "version": "1.0.1",
      "resolved": "https://registry.npmjs.org/@stablelib/hkdf/-/hkdf-1.0.1.tgz",
      "integrity": "sha512-SBEHYE16ZXlHuaW5RcGk533YlBj4grMeg5TooN80W3NpcHRtLZLLXvKyX0qcRFxf+BGDobJLnwkvgEwHIDBR6g==",
      "requires": {
        "@stablelib/hash": "^1.0.1",
        "@stablelib/hmac": "^1.0.1",
        "@stablelib/wipe": "^1.0.1"
      }
    },
    "@stablelib/hmac": {
      "version": "1.0.1",
      "resolved": "https://registry.npmjs.org/@stablelib/hmac/-/hmac-1.0.1.tgz",
      "integrity": "sha512-V2APD9NSnhVpV/QMYgCVMIYKiYG6LSqw1S65wxVoirhU/51ACio6D4yDVSwMzuTJXWZoVHbDdINioBwKy5kVmA==",
      "requires": {
        "@stablelib/constant-time": "^1.0.1",
        "@stablelib/hash": "^1.0.1",
        "@stablelib/wipe": "^1.0.1"
      }
    },
    "@stablelib/int": {
      "version": "1.0.1",
      "resolved": "https://registry.npmjs.org/@stablelib/int/-/int-1.0.1.tgz",
      "integrity": "sha512-byr69X/sDtDiIjIV6m4roLVWnNNlRGzsvxw+agj8CIEazqWGOQp2dTYgQhtyVXV9wpO6WyXRQUzLV/JRNumT2w=="
    },
    "@stablelib/keyagreement": {
      "version": "1.0.1",
      "resolved": "https://registry.npmjs.org/@stablelib/keyagreement/-/keyagreement-1.0.1.tgz",
      "integrity": "sha512-VKL6xBwgJnI6l1jKrBAfn265cspaWBPAPEc62VBQrWHLqVgNRE09gQ/AnOEyKUWrrqfD+xSQ3u42gJjLDdMDQg==",
      "requires": {
        "@stablelib/bytes": "^1.0.1"
      }
    },
    "@stablelib/poly1305": {
      "version": "1.0.1",
      "resolved": "https://registry.npmjs.org/@stablelib/poly1305/-/poly1305-1.0.1.tgz",
      "integrity": "sha512-1HlG3oTSuQDOhSnLwJRKeTRSAdFNVB/1djy2ZbS35rBSJ/PFqx9cf9qatinWghC2UbfOYD8AcrtbUQl8WoxabA==",
      "requires": {
        "@stablelib/constant-time": "^1.0.1",
        "@stablelib/wipe": "^1.0.1"
      }
    },
    "@stablelib/random": {
      "version": "1.0.1",
      "resolved": "https://registry.npmjs.org/@stablelib/random/-/random-1.0.1.tgz",
      "integrity": "sha512-zOh+JHX3XG9MSfIB0LZl/YwPP9w3o6WBiJkZvjPoKKu5LKFW4OLV71vMxWp9qG5T43NaWyn0QQTWgqCdO+yOBQ==",
      "requires": {
        "@stablelib/binary": "^1.0.1",
        "@stablelib/wipe": "^1.0.1"
      }
    },
    "@stablelib/sha256": {
      "version": "1.0.1",
      "resolved": "https://registry.npmjs.org/@stablelib/sha256/-/sha256-1.0.1.tgz",
      "integrity": "sha512-GIIH3e6KH+91FqGV42Kcj71Uefd/QEe7Dy42sBTeqppXV95ggCcxLTk39bEr+lZfJmp+ghsR07J++ORkRELsBQ==",
      "requires": {
        "@stablelib/binary": "^1.0.1",
        "@stablelib/hash": "^1.0.1",
        "@stablelib/wipe": "^1.0.1"
      }
    },
    "@stablelib/wipe": {
      "version": "1.0.1",
      "resolved": "https://registry.npmjs.org/@stablelib/wipe/-/wipe-1.0.1.tgz",
      "integrity": "sha512-WfqfX/eXGiAd3RJe4VU2snh/ZPwtSjLG4ynQ/vYzvghTh7dHFcI1wl+nrkWG6lGhukOxOsUHfv8dUXr58D0ayg=="
    },
    "@stablelib/x25519": {
      "version": "1.0.2",
      "resolved": "https://registry.npmjs.org/@stablelib/x25519/-/x25519-1.0.2.tgz",
      "integrity": "sha512-wTR0t0Bp1HABLFRbYaE3vFLuco2QbAg6QvxBnzi5j9qjhYezWHW7OiCZyaWbt25UkSaoolUUT4Il0nS/2vcbSw==",
      "requires": {
        "@stablelib/keyagreement": "^1.0.1",
        "@stablelib/random": "^1.0.1",
        "@stablelib/wipe": "^1.0.1"
      }
    },
    "@walletconnect/encoding": {
      "version": "1.0.1",
      "resolved": "https://registry.npmjs.org/@walletconnect/encoding/-/encoding-1.0.1.tgz",
      "integrity": "sha512-8opL2rs6N6E3tJfsqwS82aZQDL3gmupWUgmvuZ3CGU7z/InZs3R9jkzH8wmYtpbq0sFK3WkJkQRZFFk4BkrmFA==",
      "requires": {
        "is-typedarray": "1.0.0",
        "typedarray-to-buffer": "3.1.5"
      }
    },
    "@walletconnect/environment": {
      "version": "1.0.0",
      "resolved": "https://registry.npmjs.org/@walletconnect/environment/-/environment-1.0.0.tgz",
      "integrity": "sha512-4BwqyWy6KpSvkocSaV7WR3BlZfrxLbJSLkg+j7Gl6pTDE+U55lLhJvQaMuDVazXYxcjBsG09k7UlH7cGiUI5vQ=="
    },
    "@walletconnect/randombytes": {
      "version": "1.0.2",
      "resolved": "https://registry.npmjs.org/@walletconnect/randombytes/-/randombytes-1.0.2.tgz",
      "integrity": "sha512-ivgOtAyqQnN0rLQmOFPemsgYGysd/ooLfaDA/ACQ3cyqlca56t3rZc7pXfqJOIETx/wSyoF5XbwL+BqYodw27A==",
      "requires": {
        "@walletconnect/encoding": "^1.0.1",
        "@walletconnect/environment": "^1.0.0",
        "randombytes": "^2.1.0"
      }
    },
    "is-typedarray": {
      "version": "1.0.0",
      "resolved": "https://registry.npmjs.org/is-typedarray/-/is-typedarray-1.0.0.tgz",
      "integrity": "sha1-5HnICFjfDBsR3dppQPlgEfzaSpo="
    },
    "multiformats": {
      "version": "9.6.4",
      "resolved": "https://registry.npmjs.org/multiformats/-/multiformats-9.6.4.tgz",
      "integrity": "sha512-fCCB6XMrr6CqJiHNjfFNGT0v//dxOBMrOMqUIzpPc/mmITweLEyhvMpY9bF+jZ9z3vaMAau5E8B68DW77QMXkg=="
    },
    "randombytes": {
      "version": "2.1.0",
      "resolved": "https://registry.npmjs.org/randombytes/-/randombytes-2.1.0.tgz",
      "integrity": "sha512-vYl3iOX+4CKUWuxGi9Ukhie6fsqXqS9FE2Zaic4tNFD2N2QQaXOMFbuKK4QmDHC0JO6B1Zp41J0LpT0oR68amQ==",
      "requires": {
        "safe-buffer": "^5.1.0"
      }
    },
    "safe-buffer": {
      "version": "5.2.1",
      "resolved": "https://registry.npmjs.org/safe-buffer/-/safe-buffer-5.2.1.tgz",
      "integrity": "sha512-rp3So07KcdmmKbGvgaNxQSJr7bGVSVk5S9Eq1F+ppbRo70+YeaDxkw5Dd8NPN+GD6bjnYm2VuPuCXmpuYvmCXQ=="
    },
    "typedarray-to-buffer": {
      "version": "3.1.5",
      "resolved": "https://registry.npmjs.org/typedarray-to-buffer/-/typedarray-to-buffer-3.1.5.tgz",
      "integrity": "sha512-zdu8XMNEDepKKR+XYOXAVPtWui0ly0NtohUscw+UmaHiAWT8hrV1rr//H6V+0DvJ3OQ19S979M0laLfX8rm82Q==",
      "requires": {
        "is-typedarray": "^1.0.0"
      }
    },
    "uint8arrays": {
      "version": "3.0.0",
      "resolved": "https://registry.npmjs.org/uint8arrays/-/uint8arrays-3.0.0.tgz",
      "integrity": "sha512-HRCx0q6O9Bfbp+HHSfQQKD7wU70+lydKVt4EghkdOvlK/NlrF90z+eXV34mUd48rNvVJXwkrMSPpCATkct8fJA==",
      "requires": {
        "multiformats": "^9.4.2"
      }
    }
  }
}
